
Microsoft Visual Studio Solution File, Format Version 12.00
# Visual Studio Version 16
VisualStudioVersion = 16.0.31729.503
MinimumVisualStudioVersion = 10.0.40219.1
Project("{FAE04EC0-301F-11D3-BF4B-00C04F79EFBC}") = "TinyLibraryManagement", "TinyLibraryManagement.csproj", "{FBF80205-9DD0-40A7-B746-EFD2020AEA48}"
EndProject
Global
	GlobalSection(SolutionConfigurationPlatforms) = preSolution
		Debug|Any CPU = Debug|Any CPU
		Release|Any CPU = Release|Any CPU
	EndGlobalSection
	GlobalSection(ProjectConfigurationPlatforms) = postSolution
		{FBF80205-9DD0-40A7-B746-EFD2020AEA48}.Debug|Any CPU.ActiveCfg = Debug|Any CPU
		{FBF80205-9DD0-40A7-B746-EFD2020AEA48}.Debug|Any CPU.Build.0 = Debug|Any CPU
		{FBF80205-9DD0-40A7-B746-EFD2020AEA48}.Release|Any CPU.ActiveCfg = Release|Any CPU
		{FBF80205-9DD0-40A7-B746-EFD2020AEA48}.Release|Any CPU.Build.0 = Release|Any CPU
	EndGlobalSection
	GlobalSection(SolutionProperties) = preSolution
		HideSolutionNode = FALSE
	EndGlobalSection
	GlobalSection(ExtensibilityGlobals) = postSolution
		SolutionGuid = {279F24D7-6C2E-401D-805D-F9E458747A28}
	EndGlobalSection
EndGlobal
